
Microsoft Visual Studio Solution File, Format Version 12.00
# Visual Studio Version 17
VisualStudioVersion = 17.2.32526.322
MinimumVisualStudioVersion = 10.0.40219.1
Project("{FAE04EC0-301F-11D3-BF4B-00C04F79EFBC}") = "PasswordChecker", "PasswordChecker\PasswordChecker.csproj", "{A37CCEF3-082E-420C-909D-ECE4BF4D7C9C}"
EndProject
Global
	GlobalSection(SolutionConfigurationPlatforms) = preSolution
		Debug|Any CPU = Debug|Any CPU
		Release|Any CPU = Release|Any CPU
	EndGlobalSection
	GlobalSection(ProjectConfigurationPlatforms) = postSolution
		{A37CCEF3-082E-420C-909D-ECE4BF4D7C9C}.Debug|Any CPU.ActiveCfg = Debug|Any CPU
		{A37CCEF3-082E-420C-909D-ECE4BF4D7C9C}.Debug|Any CPU.Build.0 = Debug|Any CPU
		{A37CCEF3-082E-420C-909D-ECE4BF4D7C9C}.Release|Any CPU.ActiveCfg = Release|Any CPU
		{A37CCEF3-082E-420C-909D-ECE4BF4D7C9C}.Release|Any CPU.Build.0 = Release|Any CPU
	EndGlobalSection
	GlobalSection(SolutionProperties) = preSolution
		HideSolutionNode = FALSE
	EndGlobalSection
	GlobalSection(ExtensibilityGlobals) = postSolution
		SolutionGuid = {B5020AA9-A987-405E-AF46-AF458485C5F3}
	EndGlobalSection
EndGlobal
